
Microsoft Visual Studio Solution File, Format Version 12.00
# Visual Studio Version 17
VisualStudioVersion = 17.1.32210.238
MinimumVisualStudioVersion = 10.0.40219.1
Project("{FAE04EC0-301F-11D3-BF4B-00C04F79EFBC}") = "001_IO", "001_IO\001_IO.csproj", "{58185416-BBEC-429C-94F6-4314856F3157}"
EndProject
Project("{FAE04EC0-301F-11D3-BF4B-00C04F79EFBC}") = "002_Arithmetic", "002_Arithmetic\002_Arithmetic.csproj", "{0ABDC837-E9BA-4071-B7CD-27E2D5899AFF}"
EndProject
Project("{FAE04EC0-301F-11D3-BF4B-00C04F79EFBC}") = "003_Relational", "003_Relational\003_Relational.csproj", "{85D8DC5C-1C18-4CB4-AC21-AA927B03354E}"
EndProject
Project("{FAE04EC0-301F-11D3-BF4B-00C04F79EFBC}") = "005_Loop", "005_Loop\005_Loop.csproj", "{D02AFDFA-0979-47E2-89F9-FF3BAFF3B534}"
EndProject
Project("{FAE04EC0-301F-11D3-BF4B-00C04F79EFBC}") = "006_Power", "006_Power\006_Power.csproj", "{D378084C-6FC5-4E5D-9D09-6A1346A9924F}"
EndProject
Project("{FAE04EC0-301F-11D3-BF4B-00C04F79EFBC}") = "007_Gugu", "007_Gugu\007_Gugu.csproj", "{016CF4AD-9805-4B4B-B225-4EB25E5A7576}"
EndProject
Project("{FAE04EC0-301F-11D3-BF4B-00C04F79EFBC}") = "008_Prime", "008_Prime\008_Prime.csproj", "{24986168-E326-4800-96A8-FFA6A5CF0C46}"
EndProject
Project("{FAE04EC0-301F-11D3-BF4B-00C04F79EFBC}") = "009_Pyramid", "009_Pyramid\009_Pyramid.csproj", "{781E101B-911C-4240-8D53-85E027094E4E}"
EndProject
Project("{FAE04EC0-301F-11D3-BF4B-00C04F79EFBC}") = "010_Array", "010_Array\010_Array.csproj", "{3792517F-133F-4946-8587-D117BD19D5EA}"
EndProject
Project("{FAE04EC0-301F-11D3-BF4B-00C04F79EFBC}") = "011_Sorting", "011_Sorting\011_Sorting.csproj", "{01A70D56-B118-4AF4-923F-9E5F76B27849}"
EndProject
Project("{FAE04EC0-301F-11D3-BF4B-00C04F79EFBC}") = "012_Larger", "012_Larger\012_Larger.csproj", "{F850EE2D-1998-4639-93B5-2641F61D7CC9}"
EndProject
Project("{FAE04EC0-301F-11D3-BF4B-00C04F79EFBC}") = "013_PyramidMethod", "013_PyramidMethod\013_PyramidMethod.csproj", "{B3F79A0A-2F11-4AF0-A14F-CC9FC5DD6CDD}"
EndProject
Project("{FAE04EC0-301F-11D3-BF4B-00C04F79EFBC}") = "014_Factorial", "014_Factorial\014_Factorial.csproj", "{73E67DE1-0D09-4222-86E5-2DBE2F3F55F2}"
EndProject
Project("{FAE04EC0-301F-11D3-BF4B-00C04F79EFBC}") = "015_Hanoi", "015_Hanoi\015_Hanoi.csproj", "{31FF1AD4-116A-4DFA-BE9F-89BC1F023C7B}"
EndProject
Project("{FAE04EC0-301F-11D3-BF4B-00C04F79EFBC}") = "004_BMI", "004_BMI\004_BMI.csproj", "{46379236-E7C6-40C9-B057-F11B3C1BBC5B}"
EndProject
Project("{FAE04EC0-301F-11D3-BF4B-00C04F79EFBC}") = "016_Helloworld", "016_Helloworld\016_Helloworld.csproj", "{81DE9792-90E4-43F7-916A-4D962915D2A4}"
EndProject
Project("{FAE04EC0-301F-11D3-BF4B-00C04F79EFBC}") = "017_forms", "011_forms\017_forms.csproj", "{A9E77CE2-590E-4C98-932C-158F5A3871C6}"
EndProject
Project("{FAE04EC0-301F-11D3-BF4B-00C04F79EFBC}") = "018_MessageBox", "018_MessageBox\018_MessageBox.csproj", "{7D51E5B3-1E23-44AC-AAB1-35B8A5E7D09B}"
EndProject
Project("{FAE04EC0-301F-11D3-BF4B-00C04F79EFBC}") = "019_BasicControl", "019_BasicControl\019_BasicControl.csproj", "{242DAC29-59E0-4E23-92E9-9F264D663B84}"
EndProject
Project("{FAE04EC0-301F-11D3-BF4B-00C04F79EFBC}") = "020_Labels", "020_Labels\020_Labels.csproj", "{439E339B-52BE-44C5-940F-26D8935A9CFD}"
EndProject
Project("{FAE04EC0-301F-11D3-BF4B-00C04F79EFBC}") = "021_CheckBox", "021_CheckBox\021_CheckBox.csproj", "{F5EF9EEE-5A45-4030-862D-DC92817E8314}"
EndProject
Project("{FAE04EC0-301F-11D3-BF4B-00C04F79EFBC}") = "022_radio", "022_radio\022_radio.csproj", "{FEDC4612-B8AB-4BDB-BE17-3C84E06B2ACE}"
EndProject
Project("{FAE04EC0-301F-11D3-BF4B-00C04F79EFBC}") = "023_scoreCalc", "023_scoreCalc\023_scoreCalc.csproj", "{7B931640-7821-4CD2-B241-BB7542617257}"
EndProject
Project("{FAE04EC0-301F-11D3-BF4B-00C04F79EFBC}") = "024_scrollBar", "024_scrollBar\024_scrollBar.csproj", "{BFF0CAB9-30C8-4AF6-AFD0-7814345D52A3}"
EndProject
Project("{FAE04EC0-301F-11D3-BF4B-00C04F79EFBC}") = "025_ListBox", "025_ListBox\025_ListBox.csproj", "{CF7B09E5-071F-411F-AD26-6B359C86351E}"
EndProject
Project("{FAE04EC0-301F-11D3-BF4B-00C04F79EFBC}") = "026_ComboBox_", "026_ComboBox_\026_ComboBox_.csproj", "{6FD43165-279B-48EE-9AEF-CEDB7459052A}"
EndProject
Project("{FAE04EC0-301F-11D3-BF4B-00C04F79EFBC}") = "027_Combo_Calc", "027_Combo_Calc\027_Combo_Calc.csproj", "{8D42007B-DA0A-42F5-ABE0-F54D26536DBE}"
EndProject
Project("{FAE04EC0-301F-11D3-BF4B-00C04F79EFBC}") = "028_Timer", "028_Timer\028_Timer.csproj", "{8E6C4DEF-EFFD-4D9B-B906-B05B82FB4FA4}"
EndProject
Project("{FAE04EC0-301F-11D3-BF4B-00C04F79EFBC}") = "029_DateTimePicker", "029_DateTimePicker\029_DateTimePicker.csproj", "{146E2C68-FC25-48D2-8983-360C7F5A1F64}"
EndProject
Project("{FAE04EC0-301F-11D3-BF4B-00C04F79EFBC}") = "030_WMP", "030_WMP\030_WMP.csproj", "{0E9149F9-615D-46D4-918D-FA9864D72E70}"
EndProject
Project("{9A19103F-16F7-4668-BE54-9A1E7A4F7556}") = "031_WPFHello", "031_WPFHello\031_WPFHello.csproj", "{DECFAFA7-A897-4355-A0B3-D8CE9F731B51}"
EndProject
Project("{9A19103F-16F7-4668-BE54-9A1E7A4F7556}") = "032_Grid", "032_Grid\032_Grid.csproj", "{AB46A5AE-76DB-45E1-8C44-FE5ABF12E531}"
EndProject
Project("{9A19103F-16F7-4668-BE54-9A1E7A4F7556}") = "033_StackPannel", "033_StackPannel\033_StackPannel.csproj", "{A4A0CCBD-0260-484D-8860-78B07DA94CD6}"
EndProject
Project("{9A19103F-16F7-4668-BE54-9A1E7A4F7556}") = "034_UserControl", "034_UserControl\034_UserControl.csproj", "{300C3BBC-9E28-46CC-B12E-F7453A9C7953}"
EndProject
Project("{9A19103F-16F7-4668-BE54-9A1E7A4F7556}") = "035_UniformGrid", "035_UniformGrid\035_UniformGrid.csproj", "{1E6DAE3F-56F7-45A6-8B74-66177B2B4FCF}"
EndProject
Project("{FAE04EC0-301F-11D3-BF4B-00C04F79EFBC}") = "036_ChessBoard", "036_ChessBoard\036_ChessBoard.csproj", "{CC69DD95-CC95-4C75-B186-6BFC767D24B2}"
EndProject
Global
	GlobalSection(SolutionConfigurationPlatforms) = preSolution
		Debug|Any CPU = Debug|Any CPU
		Release|Any CPU = Release|Any CPU
	EndGlobalSection
	GlobalSection(ProjectConfigurationPlatforms) = postSolution
		{58185416-BBEC-429C-94F6-4314856F3157}.Debug|Any CPU.ActiveCfg = Debug|Any CPU
		{58185416-BBEC-429C-94F6-4314856F3157}.Debug|Any CPU.Build.0 = Debug|Any CPU
		{58185416-BBEC-429C-94F6-4314856F3157}.Release|Any CPU.ActiveCfg = Release|Any CPU
		{58185416-BBEC-429C-94F6-4314856F3157}.Release|Any CPU.Build.0 = Release|Any CPU
		{0ABDC837-E9BA-4071-B7CD-27E2D5899AFF}.Debug|Any CPU.ActiveCfg = Debug|Any CPU
		{0ABDC837-E9BA-4071-B7CD-27E2D5899AFF}.Debug|Any CPU.Build.0 = Debug|Any CPU
		{0ABDC837-E9BA-4071-B7CD-27E2D5899AFF}.Release|Any CPU.ActiveCfg = Release|Any CPU
		{0ABDC837-E9BA-4071-B7CD-27E2D5899AFF}.Release|Any CPU.Build.0 = Release|Any CPU
		{85D8DC5C-1C18-4CB4-AC21-AA927B03354E}.Debug|Any CPU.ActiveCfg = Debug|Any CPU
		{85D8DC5C-1C18-4CB4-AC21-AA927B03354E}.Debug|Any CPU.Build.0 = Debug|Any CPU
		{85D8DC5C-1C18-4CB4-AC21-AA927B03354E}.Release|Any CPU.ActiveCfg = Release|Any CPU
		{85D8DC5C-1C18-4CB4-AC21-AA927B03354E}.Release|Any CPU.Build.0 = Release|Any CPU
		{D02AFDFA-0979-47E2-89F9-FF3BAFF3B534}.Debug|Any CPU.ActiveCfg = Debug|Any CPU
		{D02AFDFA-0979-47E2-89F9-FF3BAFF3B534}.Debug|Any CPU.Build.0 = Debug|Any CPU
		{D02AFDFA-0979-47E2-89F9-FF3BAFF3B534}.Release|Any CPU.ActiveCfg = Release|Any CPU
		{D02AFDFA-0979-47E2-89F9-FF3BAFF3B534}.Release|Any CPU.Build.0 = Release|Any CPU
		{D378084C-6FC5-4E5D-9D09-6A1346A9924F}.Debug|Any CPU.ActiveCfg = Debug|Any CPU
		{D378084C-6FC5-4E5D-9D09-6A1346A9924F}.Debug|Any CPU.Build.0 = Debug|Any CPU
		{D378084C-6FC5-4E5D-9D09-6A1346A9924F}.Release|Any CPU.ActiveCfg = Release|Any CPU
		{D378084C-6FC5-4E5D-9D09-6A1346A9924F}.Release|Any CPU.Build.0 = Release|Any CPU
		{016CF4AD-9805-4B4B-B225-4EB25E5A7576}.Debug|Any CPU.ActiveCfg = Debug|Any CPU
		{016CF4AD-9805-4B4B-B225-4EB25E5A7576}.Debug|Any CPU.Build.0 = Debug|Any CPU
		{016CF4AD-9805-4B4B-B225-4EB25E5A7576}.Release|Any CPU.ActiveCfg = Release|Any CPU
		{016CF4AD-9805-4B4B-B225-4EB25E5A7576}.Release|Any CPU.Build.0 = Release|Any CPU
		{24986168-E326-4800-96A8-FFA6A5CF0C46}.Debug|Any CPU.ActiveCfg = Debug|Any CPU
		{24986168-E326-4800-96A8-FFA6A5CF0C46}.Debug|Any CPU.Build.0 = Debug|Any CPU
		{24986168-E326-4800-96A8-FFA6A5CF0C46}.Release|Any CPU.ActiveCfg = Release|Any CPU
		{24986168-E326-4800-96A8-FFA6A5CF0C46}.Release|Any CPU.Build.0 = Release|Any CPU
		{781E101B-911C-4240-8D53-85E027094E4E}.Debug|Any CPU.ActiveCfg = Debug|Any CPU
		{781E101B-911C-4240-8D53-85E027094E4E}.Debug|Any CPU.Build.0 = Debug|Any CPU
		{781E101B-911C-4240-8D53-85E027094E4E}.Release|Any CPU.ActiveCfg = Release|Any CPU
		{781E101B-911C-4240-8D53-85E027094E4E}.Release|Any CPU.Build.0 = Release|Any CPU
		{3792517F-133F-4946-8587-D117BD19D5EA}.Debug|Any CPU.ActiveCfg = Debug|Any CPU
		{3792517F-133F-4946-8587-D117BD19D5EA}.Debug|Any CPU.Build.0 = Debug|Any CPU
		{3792517F-133F-4946-8587-D117BD19D5EA}.Release|Any CPU.ActiveCfg = Release|Any CPU
		{3792517F-133F-4946-8587-D117BD19D5EA}.Release|Any CPU.Build.0 = Release|Any CPU
		{01A70D56-B118-4AF4-923F-9E5F76B27849}.Debug|Any CPU.ActiveCfg = Debug|Any CPU
		{01A70D56-B118-4AF4-923F-9E5F76B27849}.Debug|Any CPU.Build.0 = Debug|Any CPU
		{01A70D56-B118-4AF4-923F-9E5F76B27849}.Release|Any CPU.ActiveCfg = Release|Any CPU
		{01A70D56-B118-4AF4-923F-9E5F76B27849}.Release|Any CPU.Build.0 = Release|Any CPU
		{F850EE2D-1998-4639-93B5-2641F61D7CC9}.Debug|Any CPU.ActiveCfg = Debug|Any CPU
		{F850EE2D-1998-4639-93B5-2641F61D7CC9}.Debug|Any CPU.Build.0 = Debug|Any CPU
		{F850EE2D-1998-4639-93B5-2641F61D7CC9}.Release|Any CPU.ActiveCfg = Release|Any CPU
		{F850EE2D-1998-4639-93B5-2641F61D7CC9}.Release|Any CPU.Build.0 = Release|Any CPU
		{B3F79A0A-2F11-4AF0-A14F-CC9FC5DD6CDD}.Debug|Any CPU.ActiveCfg = Debug|Any CPU
		{B3F79A0A-2F11-4AF0-A14F-CC9FC5DD6CDD}.Debug|Any CPU.Build.0 = Debug|Any CPU
		{B3F79A0A-2F11-4AF0-A14F-CC9FC5DD6CDD}.Release|Any CPU.ActiveCfg = Release|Any CPU
		{B3F79A0A-2F11-4AF0-A14F-CC9FC5DD6CDD}.Release|Any CPU.Build.0 = Release|Any CPU
		{73E67DE1-0D09-4222-86E5-2DBE2F3F55F2}.Debug|Any CPU.ActiveCfg = Debug|Any CPU
		{73E67DE1-0D09-4222-86E5-2DBE2F3F55F2}.Debug|Any CPU.Build.0 = Debug|Any CPU
		{73E67DE1-0D09-4222-86E5-2DBE2F3F55F2}.Release|Any CPU.ActiveCfg = Release|Any CPU
		{73E67DE1-0D09-4222-86E5-2DBE2F3F55F2}.Release|Any CPU.Build.0 = Release|Any CPU
		{31FF1AD4-116A-4DFA-BE9F-89BC1F023C7B}.Debug|Any CPU.ActiveCfg = Debug|Any CPU
		{31FF1AD4-116A-4DFA-BE9F-89BC1F023C7B}.Debug|Any CPU.Build.0 = Debug|Any CPU
		{31FF1AD4-116A-4DFA-BE9F-89BC1F023C7B}.Release|Any CPU.ActiveCfg = Release|Any CPU
		{31FF1AD4-116A-4DFA-BE9F-89BC1F023C7B}.Release|Any CPU.Build.0 = Release|Any CPU
		{46379236-E7C6-40C9-B057-F11B3C1BBC5B}.Debug|Any CPU.ActiveCfg = Debug|Any CPU
		{46379236-E7C6-40C9-B057-F11B3C1BBC5B}.Debug|Any CPU.Build.0 = Debug|Any CPU
		{46379236-E7C6-40C9-B057-F11B3C1BBC5B}.Release|Any CPU.ActiveCfg = Release|Any CPU
		{46379236-E7C6-40C9-B057-F11B3C1BBC5B}.Release|Any CPU.Build.0 = Release|Any CPU
		{81DE9792-90E4-43F7-916A-4D962915D2A4}.Debug|Any CPU.ActiveCfg = Debug|Any CPU
		{81DE9792-90E4-43F7-916A-4D962915D2A4}.Debug|Any CPU.Build.0 = Debug|Any CPU
		{81DE9792-90E4-43F7-916A-4D962915D2A4}.Release|Any CPU.ActiveCfg = Release|Any CPU
		{81DE9792-90E4-43F7-916A-4D962915D2A4}.Release|Any CPU.Build.0 = Release|Any CPU
		{A9E77CE2-590E-4C98-932C-158F5A3871C6}.Debug|Any CPU.ActiveCfg = Debug|Any CPU
		{A9E77CE2-590E-4C98-932C-158F5A3871C6}.Debug|Any CPU.Build.0 = Debug|Any CPU
		{A9E77CE2-590E-4C98-932C-158F5A3871C6}.Release|Any CPU.ActiveCfg = Release|Any CPU
		{A9E77CE2-590E-4C98-932C-158F5A3871C6}.Release|Any CPU.Build.0 = Release|Any CPU
		{7D51E5B3-1E23-44AC-AAB1-35B8A5E7D09B}.Debug|Any CPU.ActiveCfg = Debug|Any CPU
		{7D51E5B3-1E23-44AC-AAB1-35B8A5E7D09B}.Debug|Any CPU.Build.0 = Debug|Any CPU
		{7D51E5B3-1E23-44AC-AAB1-35B8A5E7D09B}.Release|Any CPU.ActiveCfg = Release|Any CPU
		{7D51E5B3-1E23-44AC-AAB1-35B8A5E7D09B}.Release|Any CPU.Build.0 = Release|Any CPU
		{242DAC29-59E0-4E23-92E9-9F264D663B84}.Debug|Any CPU.ActiveCfg = Debug|Any CPU
		{242DAC29-59E0-4E23-92E9-9F264D663B84}.Debug|Any CPU.Build.0 = Debug|Any CPU
		{242DAC29-59E0-4E23-92E9-9F264D663B84}.Release|Any CPU.ActiveCfg = Release|Any CPU
		{242DAC29-59E0-4E23-92E9-9F264D663B84}.Release|Any CPU.Build.0 = Release|Any CPU
		{439E339B-52BE-44C5-940F-26D8935A9CFD}.Debug|Any CPU.ActiveCfg = Debug|Any CPU
		{439E339B-52BE-44C5-940F-26D8935A9CFD}.Debug|Any CPU.Build.0 = Debug|Any CPU
		{439E339B-52BE-44C5-940F-26D8935A9CFD}.Release|Any CPU.ActiveCfg = Release|Any CPU
		{439E339B-52BE-44C5-940F-26D8935A9CFD}.Release|Any CPU.Build.0 = Release|Any CPU
		{F5EF9EEE-5A45-4030-862D-DC92817E8314}.Debug|Any CPU.ActiveCfg = Debug|Any CPU
		{F5EF9EEE-5A45-4030-862D-DC92817E8314}.Debug|Any CPU.Build.0 = Debug|Any CPU
		{F5EF9EEE-5A45-4030-862D-DC92817E8314}.Release|Any CPU.ActiveCfg = Release|Any CPU
		{F5EF9EEE-5A45-4030-862D-DC92817E8314}.Release|Any CPU.Build.0 = Release|Any CPU
		{FEDC4612-B8AB-4BDB-BE17-3C84E06B2ACE}.Debug|Any CPU.ActiveCfg = Debug|Any CPU
		{FEDC4612-B8AB-4BDB-BE17-3C84E06B2ACE}.Debug|Any CPU.Build.0 = Debug|Any CPU
		{FEDC4612-B8AB-4BDB-BE17-3C84E06B2ACE}.Release|Any CPU.ActiveCfg = Release|Any CPU
		{FEDC4612-B8AB-4BDB-BE17-3C84E06B2ACE}.Release|Any CPU.Build.0 = Release|Any CPU
		{7B931640-7821-4CD2-B241-BB7542617257}.Debug|Any CPU.ActiveCfg = Debug|Any CPU
		{7B931640-7821-4CD2-B241-BB7542617257}.Debug|Any CPU.Build.0 = Debug|Any CPU
		{7B931640-7821-4CD2-B241-BB7542617257}.Release|Any CPU.ActiveCfg = Release|Any CPU
		{7B931640-7821-4CD2-B241-BB7542617257}.Release|Any CPU.Build.0 = Release|Any CPU
		{BFF0CAB9-30C8-4AF6-AFD0-7814345D52A3}.Debug|Any CPU.ActiveCfg = Debug|Any CPU
		{BFF0CAB9-30C8-4AF6-AFD0-7814345D52A3}.Debug|Any CPU.Build.0 = Debug|Any CPU
		{BFF0CAB9-30C8-4AF6-AFD0-7814345D52A3}.Release|Any CPU.ActiveCfg = Release|Any CPU
		{BFF0CAB9-30C8-4AF6-AFD0-7814345D52A3}.Release|Any CPU.Build.0 = Release|Any CPU
		{CF7B09E5-071F-411F-AD26-6B359C86351E}.Debug|Any CPU.ActiveCfg = Debug|Any CPU
		{CF7B09E5-071F-411F-AD26-6B359C86351E}.Debug|Any CPU.Build.0 = Debug|Any CPU
		{CF7B09E5-071F-411F-AD26-6B359C86351E}.Release|Any CPU.ActiveCfg = Release|Any CPU
		{CF7B09E5-071F-411F-AD26-6B359C86351E}.Release|Any CPU.Build.0 = Release|Any CPU
		{6FD43165-279B-48EE-9AEF-CEDB7459052A}.Debug|Any CPU.ActiveCfg = Debug|Any CPU
		{6FD43165-279B-48EE-9AEF-CEDB7459052A}.Debug|Any CPU.Build.0 = Debug|Any CPU
		{6FD43165-279B-48EE-9AEF-CEDB7459052A}.Release|Any CPU.ActiveCfg = Release|Any CPU
		{6FD43165-279B-48EE-9AEF-CEDB7459052A}.Release|Any CPU.Build.0 = Release|Any CPU
		{8D42007B-DA0A-42F5-ABE0-F54D26536DBE}.Debug|Any CPU.ActiveCfg = Debug|Any CPU
		{8D42007B-DA0A-42F5-ABE0-F54D26536DBE}.Debug|Any CPU.Build.0 = Debug|Any CPU
		{8D42007B-DA0A-42F5-ABE0-F54D26536DBE}.Release|Any CPU.ActiveCfg = Release|Any CPU
		{8D42007B-DA0A-42F5-ABE0-F54D26536DBE}.Release|Any CPU.Build.0 = Release|Any CPU
		{8E6C4DEF-EFFD-4D9B-B906-B05B82FB4FA4}.Debug|Any CPU.ActiveCfg = Debug|Any CPU
		{8E6C4DEF-EFFD-4D9B-B906-B05B82FB4FA4}.Debug|Any CPU.Build.0 = Debug|Any CPU
		{8E6C4DEF-EFFD-4D9B-B906-B05B82FB4FA4}.Release|Any CPU.ActiveCfg = Release|Any CPU
		{8E6C4DEF-EFFD-4D9B-B906-B05B82FB4FA4}.Release|Any CPU.Build.0 = Release|Any CPU
		{146E2C68-FC25-48D2-8983-360C7F5A1F64}.Debug|Any CPU.ActiveCfg = Debug|Any CPU
		{146E2C68-FC25-48D2-8983-360C7F5A1F64}.Debug|Any CPU.Build.0 = Debug|Any CPU
		{146E2C68-FC25-48D2-8983-360C7F5A1F64}.Release|Any CPU.ActiveCfg = Release|Any CPU
		{146E2C68-FC25-48D2-8983-360C7F5A1F64}.Release|Any CPU.Build.0 = Release|Any CPU
		{0E9149F9-615D-46D4-918D-FA9864D72E70}.Debug|Any CPU.ActiveCfg = Debug|Any CPU
		{0E9149F9-615D-46D4-918D-FA9864D72E70}.Debug|Any CPU.Build.0 = Debug|Any CPU
		{0E9149F9-615D-46D4-918D-FA9864D72E70}.Release|Any CPU.ActiveCfg = Release|Any CPU
		{0E9149F9-615D-46D4-918D-FA9864D72E70}.Release|Any CPU.Build.0 = Release|Any CPU
		{DECFAFA7-A897-4355-A0B3-D8CE9F731B51}.Debug|Any CPU.ActiveCfg = Debug|Any CPU
		{DECFAFA7-A897-4355-A0B3-D8CE9F731B51}.Debug|Any CPU.Build.0 = Debug|Any CPU
		{DECFAFA7-A897-4355-A0B3-D8CE9F731B51}.Release|Any CPU.ActiveCfg = Release|Any CPU
		{DECFAFA7-A897-4355-A0B3-D8CE9F731B51}.Release|Any CPU.Build.0 = Release|Any CPU
		{AB46A5AE-76DB-45E1-8C44-FE5ABF12E531}.Debug|Any CPU.ActiveCfg = Debug|Any CPU
		{AB46A5AE-76DB-45E1-8C44-FE5ABF12E531}.Debug|Any CPU.Build.0 = Debug|Any CPU
		{AB46A5AE-76DB-45E1-8C44-FE5ABF12E531}.Release|Any CPU.ActiveCfg = Release|Any CPU
		{AB46A5AE-76DB-45E1-8C44-FE5ABF12E531}.Release|Any CPU.Build.0 = Release|Any CPU
		{A4A0CCBD-0260-484D-8860-78B07DA94CD6}.Debug|Any CPU.ActiveCfg = Debug|Any CPU
		{A4A0CCBD-0260-484D-8860-78B07DA94CD6}.Debug|Any CPU.Build.0 = Debug|Any CPU
		{A4A0CCBD-0260-484D-8860-78B07DA94CD6}.Release|Any CPU.ActiveCfg = Release|Any CPU
		{A4A0CCBD-0260-484D-8860-78B07DA94CD6}.Release|Any CPU.Build.0 = Release|Any CPU
		{300C3BBC-9E28-46CC-B12E-F7453A9C7953}.Debug|Any CPU.ActiveCfg = Debug|Any CPU
		{300C3BBC-9E28-46CC-B12E-F7453A9C7953}.Debug|Any CPU.Build.0 = Debug|Any CPU
		{300C3BBC-9E28-46CC-B12E-F7453A9C7953}.Release|Any CPU.ActiveCfg = Release|Any CPU
		{300C3BBC-9E28-46CC-B12E-F7453A9C7953}.Release|Any CPU.Build.0 = Release|Any CPU
		{1E6DAE3F-56F7-45A6-8B74-66177B2B4FCF}.Debug|Any CPU.ActiveCfg = Debug|Any CPU
		{1E6DAE3F-56F7-45A6-8B74-66177B2B4FCF}.Debug|Any CPU.Build.0 = Debug|Any CPU
		{1E6DAE3F-56F7-45A6-8B74-66177B2B4FCF}.Release|Any CPU.ActiveCfg = Release|Any CPU
		{1E6DAE3F-56F7-45A6-8B74-66177B2B4FCF}.Release|Any CPU.Build.0 = Release|Any CPU
		{CC69DD95-CC95-4C75-B186-6BFC767D24B2}.Debug|Any CPU.ActiveCfg = Debug|Any CPU
		{CC69DD95-CC95-4C75-B186-6BFC767D24B2}.Debug|Any CPU.Build.0 = Debug|Any CPU
		{CC69DD95-CC95-4C75-B186-6BFC767D24B2}.Release|Any CPU.ActiveCfg = Release|Any CPU
		{CC69DD95-CC95-4C75-B186-6BFC767D24B2}.Release|Any CPU.Build.0 = Release|Any CPU
	EndGlobalSection
	GlobalSection(SolutionProperties) = preSolution
		HideSolutionNode = FALSE
	EndGlobalSection
	GlobalSection(ExtensibilityGlobals) = postSolution
		SolutionGuid = {EE7C0B59-6C2D-4E4B-B389-B9D9581DDB69}
	EndGlobalSection
EndGlobal
